
Microsoft Visual Studio Solution File, Format Version 12.00
# Visual Studio Version 17
VisualStudioVersion = 17.0.32112.339
MinimumVisualStudioVersion = 10.0.40219.1
Project("{8BC9CEB8-8B4A-11D0-8D11-00A0C91BC942}") = "Dairesel-Kuyruk", "Dairesel-Kuyruk\Dairesel-Kuyruk.vcxproj", "{0BFAF431-BF87-4223-8115-1FE34010005F}"
EndProject
Global
	GlobalSection(SolutionConfigurationPlatforms) = preSolution
		Debug|x64 = Debug|x64
		Debug|x86 = Debug|x86
		Release|x64 = Release|x64
		Release|x86 = Release|x86
	EndGlobalSection
	GlobalSection(ProjectConfigurationPlatforms) = postSolution
		{0BFAF431-BF87-4223-8115-1FE34010005F}.Debug|x64.ActiveCfg = Debug|x64
		{0BFAF431-BF87-4223-8115-1FE34010005F}.Debug|x64.Build.0 = Debug|x64
		{0BFAF431-BF87-4223-8115-1FE34010005F}.Debug|x86.ActiveCfg = Debug|Win32
		{0BFAF431-BF87-4223-8115-1FE34010005F}.Debug|x86.Build.0 = Debug|Win32
		{0BFAF431-BF87-4223-8115-1FE34010005F}.Release|x64.ActiveCfg = Release|x64
		{0BFAF431-BF87-4223-8115-1FE34010005F}.Release|x64.Build.0 = Release|x64
		{0BFAF431-BF87-4223-8115-1FE34010005F}.Release|x86.ActiveCfg = Release|Win32
		{0BFAF431-BF87-4223-8115-1FE34010005F}.Release|x86.Build.0 = Release|Win32
	EndGlobalSection
	GlobalSection(SolutionProperties) = preSolution
		HideSolutionNode = FALSE
	EndGlobalSection
	GlobalSection(ExtensibilityGlobals) = postSolution
		SolutionGuid = {963C2BFE-3908-4460-83CE-A44F58DAEBE6}
	EndGlobalSection
EndGlobal
